
Microsoft Visual Studio Solution File, Format Version 12.00
# Visual Studio Version 17
VisualStudioVersion = 17.14.36511.14
MinimumVisualStudioVersion = 10.0.40219.1
Project("{FAE04EC0-301F-11D3-BF4B-00C04F79EFBC}") = "ConsoleApp", "ConsoleApp\ConsoleApp.csproj", "{DA81160E-EFA7-4F8F-8222-900927AB1EE0}"
EndProject
Project("{FAE04EC0-301F-11D3-BF4B-00C04F79EFBC}") = "WpfApp", "WpfApp\WpfApp.csproj", "{F9081345-8CC5-44E7-BFAD-F1BAA5AEDDB2}"
EndProject
Global
	GlobalSection(SolutionConfigurationPlatforms) = preSolution
		Debug|Any CPU = Debug|Any CPU
		Release|Any CPU = Release|Any CPU
	EndGlobalSection
	GlobalSection(ProjectConfigurationPlatforms) = postSolution
		{DA81160E-EFA7-4F8F-8222-900927AB1EE0}.Debug|Any CPU.ActiveCfg = Debug|Any CPU
		{DA81160E-EFA7-4F8F-8222-900927AB1EE0}.Debug|Any CPU.Build.0 = Debug|Any CPU
		{DA81160E-EFA7-4F8F-8222-900927AB1EE0}.Release|Any CPU.ActiveCfg = Release|Any CPU
		{DA81160E-EFA7-4F8F-8222-900927AB1EE0}.Release|Any CPU.Build.0 = Release|Any CPU
		{F9081345-8CC5-44E7-BFAD-F1BAA5AEDDB2}.Debug|Any CPU.ActiveCfg = Debug|Any CPU
		{F9081345-8CC5-44E7-BFAD-F1BAA5AEDDB2}.Debug|Any CPU.Build.0 = Debug|Any CPU
		{F9081345-8CC5-44E7-BFAD-F1BAA5AEDDB2}.Release|Any CPU.ActiveCfg = Release|Any CPU
		{F9081345-8CC5-44E7-BFAD-F1BAA5AEDDB2}.Release|Any CPU.Build.0 = Release|Any CPU
	EndGlobalSection
	GlobalSection(SolutionProperties) = preSolution
		HideSolutionNode = FALSE
	EndGlobalSection
	GlobalSection(ExtensibilityGlobals) = postSolution
		SolutionGuid = {19B60DB2-590B-48A8-821A-AA97B43F1E1A}
	EndGlobalSection
EndGlobal
